PackratFormat: 1.4
PackratVersion: 0.4.8.1
RVersion: 3.4.3
Repos: BioCsoft=https://bioconductor.org/packages/3.6/bioc,
    BioCann=https://bioconductor.org/packages/3.6/data/annotation,
    BioCexp=https://bioconductor.org/packages/3.6/data/experiment,
    CRAN=https://cran.rstudio.com/

Package: AnnotationDbi
Source: Bioconductor
Version: 1.40.0
Hash: 185bc9c8ccbed94957b7f4a622195278
Requires: Biobase, BiocGenerics, DBI, IRanges, RSQLite, S4Vectors

Package: BH
Source: CRAN
Version: 1.65.0-1
Hash: 95f62be4d6916aae14a310a8b56a6475

Package: Biobase
Source: Bioconductor
Version: 2.38.0
Hash: 0244109184b2af652cc74c424943a85b
Requires: BiocGenerics

Package: BiocGenerics
Source: Bioconductor
Version: 0.24.0
Hash: b0e8545b3d329a929c98672b0957fbde

Package: BiocInstaller
Source: Bioconductor
Version: 1.28.0
Hash: d0ba96fdc386731c75313f5bb5ba3d68

Package: BiocParallel
Source: CRAN
Version: 1.12.0
Requires: BH, futile.logger, snow

Package: DBI
Source: CRAN
Version: 0.7
Hash: 1ab72df487f06ad5f0de05446cdd4bd6

Package: DESeq2
Source: CRAN
Version: 1.18.1
Requires: Biobase, BiocGenerics, BiocParallel, GenomicRanges, Hmisc,
    IRanges, Rcpp, RcppArmadillo, S4Vectors, SummarizedExperiment,
    genefilter, geneplotter, ggplot2, locfit

Package: DelayedArray
Source: CRAN
Version: 0.4.1
Requires: BiocGenerics, IRanges, S4Vectors, matrixStats

Package: Formula
Source: CRAN
Version: 1.2-2

Package: GEOmetadb
Source: CRAN
Version: 1.40.0
Requires: GEOquery, RSQLite

Package: GEOquery
Source: Bioconductor
Version: 2.46.13
Hash: b1dc328ceb78c84be352a89f67c7d30f
Requires: Biobase, dplyr, httr, limma, magrittr, readr, tidyr, xml2

Package: GenomeInfoDb
Source: CRAN
Version: 1.14.0
Requires: BiocGenerics, GenomeInfoDbData, IRanges, RCurl, S4Vectors

Package: GenomeInfoDbData
Source: CRAN
Version: 1.0.0

Package: GenomicRanges
Source: CRAN
Version: 1.30.1
Requires: BiocGenerics, GenomeInfoDb, IRanges, S4Vectors, XVector

Package: Hmisc
Source: CRAN
Version: 4.1-1
Requires: Formula, acepack, base64enc, data.table, ggplot2, gridExtra,
    gtable, htmlTable, htmltools, latticeExtra, viridis

Package: IRanges
Source: Bioconductor
Version: 2.12.0
Hash: 20a52cdea49f9eb06ac17ebb163bc188
Requires: BiocGenerics, S4Vectors

Package: KEGGgraph
Source: CRAN
Version: 1.38.0
Requires: XML, graph

Package: PoiClaClu
Source: CRAN
Version: 1.0.2

Package: R6
Source: CRAN
Version: 2.2.2
Hash: b2366cd9d2f3851a5704b4e192b985c2

Package: RColorBrewer
Source: CRAN
Version: 1.1-2

Package: RCurl
Source: CRAN
Version: 1.95-4.10
Hash: 06af5153f969a90c6cd6c87ee57baa44
Requires: bitops

Package: RSQLite
Source: CRAN
Version: 2.0
Hash: c8e768dd4ac158ea7422948616bae595
Requires: BH, DBI, Rcpp, bit64, blob, memoise, pkgconfig, plogr

Package: Rcpp
Source: CRAN
Version: 0.12.15
Hash: a419463fc86b3ecc7338ae3ac3bbb268

Package: RcppArmadillo
Source: CRAN
Version: 0.8.300.1.0
Requires: Rcpp

Package: S4Vectors
Source: Bioconductor
Version: 0.16.0
Hash: 5b1afbd539d11cd088f381808566d3ee
Requires: BiocGenerics

Package: SPIA
Source: CRAN
Version: 2.30.0
Requires: KEGGgraph

Package: SRAdb
Source: CRAN
Version: 1.40.0
Requires: GEOquery, RCurl, RSQLite, graph

Package: SummarizedExperiment
Source: CRAN
Version: 1.8.1
Requires: Biobase, BiocGenerics, DelayedArray, GenomeInfoDb,
    GenomicRanges, IRanges, S4Vectors

Package: VennDiagram
Source: CRAN
Version: 1.6.18
Requires: futile.logger

Package: XML
Source: CRAN
Version: 3.98-1.9
Hash: 02079c4025bbfa0f63400cc0bb414952

Package: XVector
Source: CRAN
Version: 0.18.0
Requires: BiocGenerics, IRanges, S4Vectors, zlibbioc

Package: acepack
Source: CRAN
Version: 1.4.1

Package: affy
Source: Bioconductor
Version: 1.56.0
Hash: 9cf03eba689120198cd0bbaa5fdcb949
Requires: Biobase, BiocGenerics, BiocInstaller, affyio, preprocessCore,
    zlibbioc

Package: affyio
Source: Bioconductor
Version: 1.48.0
Hash: 766b0bf0f8f54b4c71a747d5d16f86f3
Requires: zlibbioc

Package: annotate
Source: CRAN
Version: 1.56.1
Requires: AnnotationDbi, Biobase, BiocGenerics, DBI, RCurl, XML, xtable

Package: assertthat
Source: CRAN
Version: 0.2.0
Hash: e8805df54c65ac96d50235c44a82615c

Package: backports
Source: CRAN
Version: 1.1.2
Hash: 5ae7b3466e529e4400951ca18c137e40

Package: base64enc
Source: CRAN
Version: 0.1-3
Hash: c590d29e555926af053055e23ee79efb

Package: bindr
Source: CRAN
Version: 0.1
Hash: e3a02070cf705d3ad1c5af1635a515a3

Package: bindrcpp
Source: CRAN
Version: 0.2
Hash: 2d69ff431a54f6c4a750754b88c7e0af
Requires: Rcpp, bindr, plogr

Package: biomaRt
Source: CRAN
Version: 2.34.2
Requires: AnnotationDbi, RCurl, XML, httr, progress, stringr

Package: bit
Source: CRAN
Version: 1.1-12
Hash: a4cdb11cf9fd6dd38f9f40c413b81e93

Package: bit64
Source: CRAN
Version: 0.9-7
Hash: 4b195615d19ba49c114eb04e09e30a96
Requires: bit

Package: bitops
Source: CRAN
Version: 1.0-6
Hash: 67d0775189fd0041d95abca618c5c07e

Package: blob
Source: CRAN
Version: 1.1.0
Hash: e29764e47f2faf0cd5b74cbcddc3fa9c
Requires: tibble

Package: bookdown
Source: CRAN
Version: 0.5
Hash: 6cde091e04da40dae899d1024469c803
Requires: htmltools, knitr, rmarkdown, yaml

Package: caTools
Source: CRAN
Version: 1.17.1
Hash: 97cb6f6293cd18d17df77a6383cc6763
Requires: bitops

Package: checkmate
Source: CRAN
Version: 1.8.5
Requires: backports

Package: cli
Source: CRAN
Version: 1.0.0
Hash: f4239f89feb7ddc65821e4514e9734ae
Requires: assertthat, crayon

Package: colorspace
Source: CRAN
Version: 1.3-2

Package: crayon
Source: CRAN
Version: 1.3.4
Hash: ff2840dd9b0d563fc80377a5a45510cd

Package: curl
Source: CRAN
Version: 3.1
Hash: 877149b42d479b93ab15d5cef46c0f1b

Package: data.table
Source: CRAN
Version: 1.10.4-3

Package: dichromat
Source: CRAN
Version: 2.0-0

Package: digest
Source: CRAN
Version: 0.6.14
Hash: 8017201df840795327c67825e98b52c1

Package: dplyr
Source: CRAN
Version: 0.7.4
Hash: afee83094df37f504c726aebed71109c
Requires: BH, R6, Rcpp, assertthat, bindrcpp, glue, magrittr,
    pkgconfig, plogr, rlang, tibble

Package: edgeR
Source: CRAN
Version: 3.20.7
Requires: Rcpp, limma, locfit

Package: evaluate
Source: CRAN
Version: 0.10.1
Hash: 54d95f4ec6d0300100413ed0127d89ae
Requires: stringr

Package: futile.logger
Source: CRAN
Version: 1.4.3
Requires: futile.options, lambda.r

Package: futile.options
Source: CRAN
Version: 1.0.0

Package: gdata
Source: CRAN
Version: 2.18.0
Requires: gtools

Package: genefilter
Source: CRAN
Version: 1.60.0
Requires: AnnotationDbi, Biobase, S4Vectors, annotate

Package: geneplotter
Source: CRAN
Version: 1.56.0
Requires: AnnotationDbi, Biobase, BiocGenerics, RColorBrewer, annotate

Package: ggplot2
Source: CRAN
Version: 2.2.1
Requires: digest, gtable, lazyeval, plyr, reshape2, scales, tibble

Package: ggrepel
Source: CRAN
Version: 0.7.0
Requires: Rcpp, ggplot2, scales

Package: glue
Source: CRAN
Version: 1.2.0
Hash: 381e42baedecc633c0e547a0c7ca9de7

Package: gplots
Source: CRAN
Version: 3.0.1
Requires: caTools, gdata, gtools

Package: graph
Source: CRAN
Version: 1.56.0
Requires: BiocGenerics

Package: gridExtra
Source: CRAN
Version: 2.3
Requires: gtable

Package: gtable
Source: CRAN
Version: 0.2.0

Package: gtools
Source: CRAN
Version: 3.5.0

Package: highr
Source: CRAN
Version: 0.6
Hash: aa3d5b7912b5fed4b546ed5cd2a1760b

Package: hms
Source: CRAN
Version: 0.4.0
Hash: 05d6cc09cc4ea93b9459734ff885e5f9
Requires: pkgconfig, rlang

Package: htmlTable
Source: CRAN
Version: 1.11.2
Requires: checkmate, htmltools, htmlwidgets, knitr, magrittr,
    rstudioapi, stringr

Package: htmltools
Source: CRAN
Version: 0.3.6
Hash: f6fa1ff1db422a2c5227be30cab6c273
Requires: Rcpp, digest

Package: htmlwidgets
Source: CRAN
Version: 1.0
Requires: htmltools, jsonlite, yaml

Package: httr
Source: CRAN
Version: 1.3.1
Hash: 2d32e01e53d532c812052e27a1021441
Requires: R6, curl, jsonlite, mime, openssl

Package: jsonlite
Source: CRAN
Version: 1.5
Hash: 9c51936d8dd00b2f1d4fe9d10499694c

Package: knitr
Source: CRAN
Version: 1.18
Hash: 5be8a90c6aac24e7e0a4f18b829cc6e2
Requires: digest, evaluate, highr, markdown, stringr, yaml

Package: labeling
Source: CRAN
Version: 0.3

Package: lambda.r
Source: CRAN
Version: 1.2

Package: latticeExtra
Source: CRAN
Version: 0.6-28
Requires: RColorBrewer

Package: lazyeval
Source: CRAN
Version: 0.2.1

Package: limma
Source: Bioconductor
Version: 3.34.5
Hash: 0bb2b26cd29fa1069c8e09e786240a18

Package: locfit
Source: CRAN
Version: 1.5-9.1

Package: magrittr
Source: CRAN
Version: 1.5
Hash: bdc4d48c3135e8f3b399536ddf160df4

Package: markdown
Source: CRAN
Version: 0.8
Hash: 045d7c594d503b41f1c28946d076c8aa
Requires: mime

Package: matrixStats
Source: CRAN
Version: 0.52.2

Package: memoise
Source: CRAN
Version: 1.1.0
Hash: 410fcd334bc626db100237cc1370f2e9
Requires: digest

Package: mime
Source: CRAN
Version: 0.5
Hash: 463550cf44fb6f0a2359368f42eebe62

Package: munsell
Source: CRAN
Version: 0.4.3
Requires: colorspace

Package: openssl
Source: CRAN
Version: 0.9.9
Hash: 3858537ac10388a5db1687450908f257

Package: org.Mm.eg.db
Source: CRAN
Version: 3.5.0
Requires: AnnotationDbi

Package: packrat
Source: CRAN
Version: 0.4.8-1
Hash: 6ad605ba7b4b476d84be6632393f5765

Package: pander
Source: CRAN
Version: 0.6.1
Requires: Rcpp, digest

Package: pheatmap
Source: CRAN
Version: 1.0.8
Requires: RColorBrewer, gtable, scales

Package: pillar
Source: CRAN
Version: 1.1.0
Hash: 576bf712d620ca2b6ca76ca7b6cb5547
Requires: cli, crayon, rlang, utf8

Package: pkgconfig
Source: CRAN
Version: 2.0.1
Hash: 0dda4a2654a22b36a715c2b0b6fbacac

Package: plogr
Source: CRAN
Version: 0.1-1
Hash: fb19215402e2d9f1c7f803dcaa806fc2

Package: plyr
Source: CRAN
Version: 1.8.4
Requires: Rcpp

Package: png
Source: CRAN
Version: 0.1-7

Package: preprocessCore
Source: Bioconductor
Version: 1.40.0
Hash: 3546e1e86a1f750802823c2f73540517

Package: prettyunits
Source: CRAN
Version: 1.0.2
Requires: assertthat, magrittr

Package: progress
Source: CRAN
Version: 1.1.2
Requires: R6, prettyunits

Package: purrr
Source: CRAN
Version: 0.2.4
Hash: a80b244ccd3fdb33a0ff2be3c50dd648
Requires: magrittr, rlang, tibble

Package: readr
Source: CRAN
Version: 1.1.1
Hash: 84a71b41255ec67c4b5cd8fd8007fad3
Requires: BH, R6, Rcpp, hms, tibble

Package: reshape2
Source: CRAN
Version: 1.4.3
Requires: Rcpp, plyr, stringr

Package: rlang
Source: CRAN
Version: 0.1.6
Hash: 8eb4b2dce38b8f663cb9364b28eaa76b

Package: rmarkdown
Source: CRAN
Version: 1.8
Hash: 2a7842e3cee62a79dd737d17e9e9d86b
Requires: base64enc, evaluate, htmltools, jsonlite, knitr, mime,
    rprojroot, stringr, yaml

Package: rprojroot
Source: CRAN
Version: 1.3-2
Hash: a25c3f70c166fb3fbabc410eb32b6366
Requires: backports

Package: rstudioapi
Source: CRAN
Version: 0.7

Package: rticles
Source: CRAN
Version: 0.4.1
Hash: f7a0b5e236a800385fcbb8309555b15d
Requires: knitr, rmarkdown, yaml

Package: scales
Source: CRAN
Version: 0.5.0
Requires: R6, RColorBrewer, Rcpp, dichromat, labeling, munsell, plyr,
    viridisLite

Package: snow
Source: CRAN
Version: 0.4-2

Package: stringi
Source: CRAN
Version: 1.1.6
Hash: 4430faf2bcbe1b8de0d9be55bcfdcc0b

Package: stringr
Source: CRAN
Version: 1.2.0
Hash: 25a86d7f410513ebb7c0bc6a5e16bdc3
Requires: magrittr, stringi

Package: tibble
Source: CRAN
Version: 1.4.2
Hash: 83895360ce4f8d2ce92eee00526b5b0b
Requires: cli, crayon, pillar, rlang

Package: tidyr
Source: CRAN
Version: 0.7.2
Hash: 842e9cf7ba7c96a41f33d6fdd12e3c4b
Requires: Rcpp, dplyr, glue, magrittr, purrr, rlang, stringi, tibble,
    tidyselect

Package: tidyselect
Source: CRAN
Version: 0.2.3
Hash: dcadb790c3b5d55f7b47f087b62be723
Requires: Rcpp, glue, purrr, rlang

Package: utf8
Source: CRAN
Version: 1.1.3
Hash: a2fe6a996668ee5850b7719f365e831b

Package: viridis
Source: CRAN
Version: 0.4.1
Requires: ggplot2, gridExtra, viridisLite

Package: viridisLite
Source: CRAN
Version: 0.2.0

Package: xml2
Source: CRAN
Version: 1.1.1
Hash: b531448e498836e5eafe026e2d355c8b
Requires: BH, Rcpp

Package: xtable
Source: CRAN
Version: 1.8-2

Package: yaml
Source: CRAN
Version: 2.1.16
Hash: 784ea5d8302d4a81f166a32a33c10711

Package: zlibbioc
Source: Bioconductor
Version: 1.24.0
Hash: e3dc79a6c62193cca9cafd986eed4e02
